{
    "_readme": [
        "This file locks the dependencies of your project to a known state",
        "Read more about it at https://getcomposer.org/doc/01-basic-usage.md#composer-lock-the-lock-file",
        "This file is @generated automatically"
    ],
    "hash": "26f6daa3fdae7663fcbafffd705b4a56",
    "content-hash": "18185bbc5f6b491d8b9d66d97f1173c9",
    "packages": [
        {
            "name": "magento/magento-composer-installer",
            "version": "0.1.5",
            "source": {
                "type": "git",
                "url": "https://github.com/magento/magento-composer-installer.git",
                "reference": "1b33917bfc3f4a0856276dcbe46ce35362f50fc3"
            },
            "dist": {
                "type": "zip",
                "url": "https://api.github.com/repos/magento/magento-composer-installer/zipball/1b33917bfc3f4a0856276dcbe46ce35362f50fc3",
                "reference": "1b33917bfc3f4a0856276dcbe46ce35362f50fc3",
                "shasum": ""
            },
            "require": {
                "composer-plugin-api": "^1.0"
            },
            "require-dev": {
                "composer/composer": "*@dev",
                "firegento/phpcs": "dev-patch-1",
                "mikey179/vfsstream": "*",
                "phpunit/phpunit": "*",
                "phpunit/phpunit-mock-objects": "dev-master",
                "squizlabs/php_codesniffer": "1.4.7",
                "symfony/process": "*"
            },
            "type": "composer-plugin",
            "extra": {
                "composer-command-registry": [
                    "MagentoHackathon\\Composer\\Magento\\Command\\DeployCommand"
                ],
                "class": "MagentoHackathon\\Composer\\Magento\\Plugin"
            },
            "autoload": {
                "psr-0": {
                    "MagentoHackathon\\Composer\\Magento": "src/"
                }
            },
            "notification-url": "https://packagist.org/downloads/",
            "license": [
                "OSL-3.0"
            ],
            "authors": [
                {
                    "name": "Vinai Kopp",
                    "email": "vinai@netzarbeiter.com"
                },
                {
                    "name": "Daniel Fahlke aka Flyingmana",
                    "email": "flyingmana@googlemail.com"
                },
                {
                    "name": "Jörg Weller",
                    "email": "weller@flagbit.de"
                },
                {
                    "name": "Karl Spies",
                    "email": "karl.spies@gmx.net"
                },
                {
                    "name": "Tobias Vogt",
                    "email": "tobi@webguys.de"
                },
                {
                    "name": "David Fuhr",
                    "email": "fuhr@flagbit.de"
                }
            ],
            "description": "Composer installer for Magento modules",
            "homepage": "https://github.com/magento/magento-composer-installer",
            "keywords": [
                "composer-installer",
                "magento"
            ],
            "time": "2015-09-14 19:59:55"
        }
    ],
    "packages-dev": [],
    "aliases": [],
    "minimum-stability": "stable",
    "stability-flags": [],
    "prefer-stable": false,
    "prefer-lowest": false,
    "platform": [],
    "platform-dev": []
}
